
Microsoft Visual Studio Solution File, Format Version 12.00
# Visual Studio 15
VisualStudioVersion = 15.0.28010.2019
MinimumVisualStudioVersion = 10.0.40219.1
Project("{888888A0-9F3D-457C-B088-3A5042F75D52}") = "MusicGeneratorRandomizer", "MusicGeneratorRandomizer\MusicGeneratorRandomizer.pyproj", "{BD3D0F24-9076-40FF-B31B-584E2B1DD878}"
EndProject
Global
	GlobalSection(SolutionConfigurationPlatforms) = preSolution
		Debug|Any CPU = Debug|Any CPU
		Release|Any CPU = Release|Any CPU
	EndGlobalSection
	GlobalSection(ProjectConfigurationPlatforms) = postSolution
		{BD3D0F24-9076-40FF-B31B-584E2B1DD878}.Debug|Any CPU.ActiveCfg = Debug|Any CPU
		{BD3D0F24-9076-40FF-B31B-584E2B1DD878}.Release|Any CPU.ActiveCfg = Release|Any CPU
	EndGlobalSection
	GlobalSection(SolutionProperties) = preSolution
		HideSolutionNode = FALSE
	EndGlobalSection
	GlobalSection(ExtensibilityGlobals) = postSolution
		SolutionGuid = {92F3CDF7-782C-4455-B415-4D97FC643682}
	EndGlobalSection
EndGlobal
